
Microsoft Visual Studio Solution File, Format Version 12.00
# Visual Studio Version 16
VisualStudioVersion = 16.0.31702.278
MinimumVisualStudioVersion = 10.0.40219.1
Project("{FAE04EC0-301F-11D3-BF4B-00C04F79EFBC}") = "Zadanie Vse Forms", "Zadanie Vse Forms\Zadanie Vse Forms.csproj", "{56D5055A-14C9-40B4-880C-99FA62CD6797}"
EndProject
Global
	GlobalSection(SolutionConfigurationPlatforms) = preSolution
		Debug|Any CPU = Debug|Any CPU
		Release|Any CPU = Release|Any CPU
	EndGlobalSection
	GlobalSection(ProjectConfigurationPlatforms) = postSolution
		{56D5055A-14C9-40B4-880C-99FA62CD6797}.Debug|Any CPU.ActiveCfg = Debug|Any CPU
		{56D5055A-14C9-40B4-880C-99FA62CD6797}.Debug|Any CPU.Build.0 = Debug|Any CPU
		{56D5055A-14C9-40B4-880C-99FA62CD6797}.Release|Any CPU.ActiveCfg = Release|Any CPU
		{56D5055A-14C9-40B4-880C-99FA62CD6797}.Release|Any CPU.Build.0 = Release|Any CPU
	EndGlobalSection
	GlobalSection(SolutionProperties) = preSolution
		HideSolutionNode = FALSE
	EndGlobalSection
	GlobalSection(ExtensibilityGlobals) = postSolution
		SolutionGuid = {2C7BB25A-EEC1-4518-B74F-C7CEE2B0BC05}
	EndGlobalSection
EndGlobal
